
Microsoft Visual Studio Solution File, Format Version 12.00
# Visual Studio Version 17
VisualStudioVersion = 17.0.31903.59
MinimumVisualStudioVersion = 10.0.40219.1
Project("{9A19103F-16F7-4668-BE54-9A1E7A4F7556}") = "GamesEngine.Service", "GamesEngine.Service\GamesEngine.Service.csproj", "{96D1683B-5916-408E-9BDB-24FB83335011}"
EndProject
Project("{9A19103F-16F7-4668-BE54-9A1E7A4F7556}") = "GamesEngine.Tests", "GamesEngine.Tests\GamesEngine.Tests.csproj", "{6CA8B809-E33C-48CE-A9FD-2E26914B699A}"
EndProject
Project("{9A19103F-16F7-4668-BE54-9A1E7A4F7556}") = "GamesEngine.Math", "GamesEngine.Math\GamesEngine.Math.csproj", "{037B8E06-AAAE-4E77-BD5A-141F7E761F35}"
EndProject
Project("{9A19103F-16F7-4668-BE54-9A1E7A4F7556}") = "GamesEngine.Patterns", "GamesEngine.Patterns\GamesEngine.Patterns.csproj", "{C73BEAF9-1F51-4286-BC67-5919D85E3147}"
EndProject
Project("{9A19103F-16F7-4668-BE54-9A1E7A4F7556}") = "GamesEngine.Communication", "GamesEngine.Communication\GamesEngine.Communication.csproj", "{6859694A-D342-4742-B9E5-E65EDD49464D}"
EndProject
Project("{2150E333-8FDC-42A3-9474-1A3956D46DE8}") = "Solution Items", "Solution Items", "{35EC88FF-451C-4557-9CDC-AB5CDB1C443D}"
	ProjectSection(SolutionItems) = preProject
		Backlog.md = Backlog.md
	EndProjectSection
EndProject
Project("{FAE04EC0-301F-11D3-BF4B-00C04F79EFBC}") = "StartUp", "StartUp\StartUp.csproj", "{5C2198D3-5B69-4C77-8CDE-7473E6FC327D}"
	ProjectSection(ProjectDependencies) = postProject
		{6859694A-D342-4742-B9E5-E65EDD49464D} = {6859694A-D342-4742-B9E5-E65EDD49464D}
	EndProjectSection
EndProject
Project("{FAE04EC0-301F-11D3-BF4B-00C04F79EFBC}") = "GamesEngine.Users", "GamesEngine.Users\GamesEngine.Users.csproj", "{AA6D8C99-28B9-4A77-9639-6A83AB45582E}"
EndProject
Global
	GlobalSection(SolutionConfigurationPlatforms) = preSolution
		Debug|Any CPU = Debug|Any CPU
		Release|Any CPU = Release|Any CPU
	EndGlobalSection
	GlobalSection(ProjectConfigurationPlatforms) = postSolution
		{96D1683B-5916-408E-9BDB-24FB83335011}.Debug|Any CPU.ActiveCfg = Debug|Any CPU
		{96D1683B-5916-408E-9BDB-24FB83335011}.Debug|Any CPU.Build.0 = Debug|Any CPU
		{96D1683B-5916-408E-9BDB-24FB83335011}.Release|Any CPU.ActiveCfg = Release|Any CPU
		{96D1683B-5916-408E-9BDB-24FB83335011}.Release|Any CPU.Build.0 = Release|Any CPU
		{6CA8B809-E33C-48CE-A9FD-2E26914B699A}.Debug|Any CPU.ActiveCfg = Debug|Any CPU
		{6CA8B809-E33C-48CE-A9FD-2E26914B699A}.Debug|Any CPU.Build.0 = Debug|Any CPU
		{6CA8B809-E33C-48CE-A9FD-2E26914B699A}.Release|Any CPU.ActiveCfg = Release|Any CPU
		{6CA8B809-E33C-48CE-A9FD-2E26914B699A}.Release|Any CPU.Build.0 = Release|Any CPU
		{037B8E06-AAAE-4E77-BD5A-141F7E761F35}.Debug|Any CPU.ActiveCfg = Debug|Any CPU
		{037B8E06-AAAE-4E77-BD5A-141F7E761F35}.Debug|Any CPU.Build.0 = Debug|Any CPU
		{037B8E06-AAAE-4E77-BD5A-141F7E761F35}.Release|Any CPU.ActiveCfg = Release|Any CPU
		{037B8E06-AAAE-4E77-BD5A-141F7E761F35}.Release|Any CPU.Build.0 = Release|Any CPU
		{C73BEAF9-1F51-4286-BC67-5919D85E3147}.Debug|Any CPU.ActiveCfg = Debug|Any CPU
		{C73BEAF9-1F51-4286-BC67-5919D85E3147}.Debug|Any CPU.Build.0 = Debug|Any CPU
		{C73BEAF9-1F51-4286-BC67-5919D85E3147}.Release|Any CPU.ActiveCfg = Release|Any CPU
		{C73BEAF9-1F51-4286-BC67-5919D85E3147}.Release|Any CPU.Build.0 = Release|Any CPU
		{6859694A-D342-4742-B9E5-E65EDD49464D}.Debug|Any CPU.ActiveCfg = Debug|Any CPU
		{6859694A-D342-4742-B9E5-E65EDD49464D}.Debug|Any CPU.Build.0 = Debug|Any CPU
		{6859694A-D342-4742-B9E5-E65EDD49464D}.Release|Any CPU.ActiveCfg = Release|Any CPU
		{6859694A-D342-4742-B9E5-E65EDD49464D}.Release|Any CPU.Build.0 = Release|Any CPU
		{5C2198D3-5B69-4C77-8CDE-7473E6FC327D}.Debug|Any CPU.ActiveCfg = Debug|Any CPU
		{5C2198D3-5B69-4C77-8CDE-7473E6FC327D}.Debug|Any CPU.Build.0 = Debug|Any CPU
		{5C2198D3-5B69-4C77-8CDE-7473E6FC327D}.Release|Any CPU.ActiveCfg = Release|Any CPU
		{5C2198D3-5B69-4C77-8CDE-7473E6FC327D}.Release|Any CPU.Build.0 = Release|Any CPU
		{AA6D8C99-28B9-4A77-9639-6A83AB45582E}.Debug|Any CPU.ActiveCfg = Debug|Any CPU
		{AA6D8C99-28B9-4A77-9639-6A83AB45582E}.Debug|Any CPU.Build.0 = Debug|Any CPU
		{AA6D8C99-28B9-4A77-9639-6A83AB45582E}.Release|Any CPU.ActiveCfg = Release|Any CPU
		{AA6D8C99-28B9-4A77-9639-6A83AB45582E}.Release|Any CPU.Build.0 = Release|Any CPU
	EndGlobalSection
	GlobalSection(SolutionProperties) = preSolution
		HideSolutionNode = FALSE
	EndGlobalSection
	GlobalSection(ExtensibilityGlobals) = postSolution
		SolutionGuid = {705AB77C-5BC9-4A0A-B55F-01AF05E75DF4}
	EndGlobalSection
EndGlobal
